# @generated by Move, please check-in and do not edit manually.

[move]
version = 3
manifest_digest = "70C367052F860FEA2F85C7E22A52ADF4C208F621BE30905242D1B32788051906"
deps_digest = "F9B494B64F0615AED0E98FC12A85B85ECD2BC5185C22D30E7F67786BB52E507C"
dependencies = [
  { id = "Bridge", name = "Bridge" },
  { id = "MoveStdlib", name = "MoveStdlib" },
  { id = "Sui", name = "Sui" },
  { id = "SuiSystem", name = "SuiSystem" },
]

[[move.package]]
id = "Bridge"
source = { git = "https://github.com/MystenLabs/sui.git", rev = "b448b1d971bd6c1aac8ef4eee4305943806d5d5b", subdir = "crates/sui-framework/packages/bridge" }

dependencies = [
  { id = "MoveStdlib", name = "MoveStdlib" },
  { id = "Sui", name = "Sui" },
  { id = "SuiSystem", name = "SuiSystem" },
]

[[move.package]]
id = "MoveStdlib"
source = { git = "https://github.com/MystenLabs/sui.git", rev = "b448b1d971bd6c1aac8ef4eee4305943806d5d5b", subdir = "crates/sui-framework/packages/move-stdlib" }

[[move.package]]
id = "Sui"
source = { git = "https://github.com/MystenLabs/sui.git", rev = "b448b1d971bd6c1aac8ef4eee4305943806d5d5b", subdir = "crates/sui-framework/packages/sui-framework" }

dependencies = [
  { id = "MoveStdlib", name = "MoveStdlib" },
]

[[move.package]]
id = "SuiSystem"
source = { git = "https://github.com/MystenLabs/sui.git", rev = "b448b1d971bd6c1aac8ef4eee4305943806d5d5b", subdir = "crates/sui-framework/packages/sui-system" }

dependencies = [
  { id = "MoveStdlib", name = "MoveStdlib" },
  { id = "Sui", name = "Sui" },
]

[move.toolchain-version]
compiler-version = "1.53.2"
edition = "2024.beta"
flavor = "sui"

[env]

[env.devnet]
chain-id = "0343a9bd"
original-published-id = "0x23a3043b278cc818af176153563773afac88c4477a9e3ebb09b8c35c6b5ceb5b"
latest-published-id = "0x23a3043b278cc818af176153563773afac88c4477a9e3ebb09b8c35c6b5ceb5b"
published-version = "1"

[env.testnet]
chain-id = "4c78adac"
original-published-id = "0x82877d96b186eabcbfaf756db4b7611b3ef101f5c4d7c61365e5cdc3e02bf0b5"
latest-published-id = "0x82877d96b186eabcbfaf756db4b7611b3ef101f5c4d7c61365e5cdc3e02bf0b5"
published-version = "1"
